
Microsoft Visual Studio Solution File, Format Version 12.00
# Visual Studio Version 17
VisualStudioVersion = 17.7.34009.444
MinimumVisualStudioVersion = 10.0.40219.1
Project("{888888A0-9F3D-457C-B088-3A5042F75D52}") = "py2024.10.15", "py2024.10.15.pyproj", "{9E807096-5B03-46CD-88F3-F439E8A9739C}"
EndProject
Global
	GlobalSection(SolutionConfigurationPlatforms) = preSolution
		Debug|Any CPU = Debug|Any CPU
		Release|Any CPU = Release|Any CPU
	EndGlobalSection
	GlobalSection(ProjectConfigurationPlatforms) = postSolution
		{9E807096-5B03-46CD-88F3-F439E8A9739C}.Debug|Any CPU.ActiveCfg = Debug|Any CPU
		{9E807096-5B03-46CD-88F3-F439E8A9739C}.Release|Any CPU.ActiveCfg = Release|Any CPU
	EndGlobalSection
	GlobalSection(SolutionProperties) = preSolution
		HideSolutionNode = FALSE
	EndGlobalSection
	GlobalSection(ExtensibilityGlobals) = postSolution
		SolutionGuid = {FC397418-F177-4A92-A544-4C821D7CE9DD}
	EndGlobalSection
EndGlobal
